
Microsoft Visual Studio Solution File, Format Version 11.00
# Visual Studio 2010
Project("{F184B08F-C81C-45F6-A57F-5ABD9991F28F}") = "EXPERT_SYSTEM_FOR_HUMAN_NUTRITION_ANALYSIS", "EXPERT_SYSTEM_FOR_HUMAN_NUTRITION_ANALYSIS.vbproj", "{F77DBA93-2731-47F6-B02E-439ABAC8FA19}"
EndProject
Global
	GlobalSection(SolutionConfigurationPlatforms) = preSolution
		Debug|x86 = Debug|x86
		Release|x86 = Release|x86
	EndGlobalSection
	GlobalSection(ProjectConfigurationPlatforms) = postSolution
		{F77DBA93-2731-47F6-B02E-439ABAC8FA19}.Debug|x86.ActiveCfg = Debug|x86
		{F77DBA93-2731-47F6-B02E-439ABAC8FA19}.Debug|x86.Build.0 = Debug|x86
		{F77DBA93-2731-47F6-B02E-439ABAC8FA19}.Release|x86.ActiveCfg = Release|x86
		{F77DBA93-2731-47F6-B02E-439ABAC8FA19}.Release|x86.Build.0 = Release|x86
	EndGlobalSection
	GlobalSection(SolutionProperties) = preSolution
		HideSolutionNode = FALSE
	EndGlobalSection
EndGlobal
